
Microsoft Visual Studio Solution File, Format Version 10.00
# Visual Studio 2008
Project("{8BC9CEB8-8B4A-11D0-8D11-00A0C91BC942}") = "FluidSolver2D", "FluidSolver2D\FluidSolver2D.vcproj", "{50DFBBBD-4259-4AC2-B7C7-20957C72659A}"
EndProject
Global
	GlobalSection(SolutionConfigurationPlatforms) = preSolution
		Debug|Win32 = Debug|Win32
		Release|Win32 = Release|Win32
	EndGlobalSection
	GlobalSection(ProjectConfigurationPlatforms) = postSolution
		{50DFBBBD-4259-4AC2-B7C7-20957C72659A}.Debug|Win32.ActiveCfg = Debug|Win32
		{50DFBBBD-4259-4AC2-B7C7-20957C72659A}.Debug|Win32.Build.0 = Debug|Win32
		{50DFBBBD-4259-4AC2-B7C7-20957C72659A}.Release|Win32.ActiveCfg = Release|Win32
		{50DFBBBD-4259-4AC2-B7C7-20957C72659A}.Release|Win32.Build.0 = Release|Win32
	EndGlobalSection
	GlobalSection(SolutionProperties) = preSolution
		HideSolutionNode = FALSE
	EndGlobalSection
EndGlobal
